<Solution>
  <Folder Name="/src/" />
  <Folder Name="/src/API/">
    <Project Path="src/API/TicketBookingSystem.Api/TicketBookingSystem.Api.csproj" Id="47b3c2eb-e67c-426e-8490-5c700f8d49fa" />
  </Folder>
  <Folder Name="/src/Modules/" />
  <Folder Name="/src/Modules/Events/" />
  <Folder Name="/src/Shared/">
    <Project Path="Shared/SharedKernel/SharedKernel.csproj" Id="5a2ec73d-a055-477e-8cc7-a6638150b945" />
  </Folder>
</Solution>
